<?xml version="1.0" encoding="utf-8"?>
<Project ToolsVersion="4.0" xmlns="http://schemas.microsoft.com/developer/msbuild/2003">
  <ItemGroup>
    <Filter Include="module">
      <UniqueIdentifier>{5473b3c3-ea8f-4123-9422-869b94365e24}</UniqueIdentifier>
    </Filter>
    <Filter Include="module\text">
      <UniqueIdentifier>{ec478f29-73cc-4ad7-8075-25bb06b095c4}</UniqueIdentifier>
    </Filter>
    <Filter Include="module\file">
      <UniqueIdentifier>{cccd5699-b366-4686-9577-8670cd813b43}</UniqueIdentifier>
    </Filter>
    <Filter Include="module\net">
      <UniqueIdentifier>{8a7c559c-6f39-4569-985c-a8e5d8fd8e8d}</UniqueIdentifier>
    </Filter>
  </ItemGroup>
</Project>