<?xml version="1.0" encoding="utf-8"?>
<Project ToolsVersion="4.0" xmlns="http://schemas.microsoft.com/developer/msbuild/2003">
  <ItemGroup>
    <Filter Include="资源文件">
      <UniqueIdentifier>{67DA6AB6-F800-4c08-8B7A-83BB121AAD01}</UniqueIdentifier>
      <Extensions>rc;ico;cur;bmp;dlg;rc2;rct;bin;rgs;gif;jpg;jpeg;jpe;resx;tiff;tif;png;wav;mfcribbon-ms</Extensions>
    </Filter>
    <Filter Include="include">
      <UniqueIdentifier>{93995380-89BD-4b04-88EB-625FBE52EBFB}</UniqueIdentifier>
      <Extensions>h;hh;hpp;hxx;h++;hm;inl;inc;ipp;xsd</Extensions>
    </Filter>
    <Filter Include="src">
      <UniqueIdentifier>{4FC737F1-C7A5-4376-A066-2A32D752A2FF}</UniqueIdentifier>
      <Extensions>cpp;c;cc;cxx;c++;cppm;ixx;def;odl;idl;hpj;bat;asm;asmx</Extensions>
    </Filter>
    <Filter Include="include\part01">
      <UniqueIdentifier>{e63f23f6-64e7-4694-b1d5-15ef49b7d07f}</UniqueIdentifier>
    </Filter>
    <Filter Include="include\helper">
      <UniqueIdentifier>{23cd9b10-6950-4b2a-b3d8-a0a9360c9060}</UniqueIdentifier>
    </Filter>
    <Filter Include="src\helper">
      <UniqueIdentifier>{f316ac34-e6ec-40e6-95a8-4cb21815b220}</UniqueIdentifier>
    </Filter>
    <Filter Include="src\part01">
      <UniqueIdentifier>{dec5cfb0-2ad4-44ce-a653-38a0e8a432a4}</UniqueIdentifier>
    </Filter>
    <Filter Include="include\test_module">
      <UniqueIdentifier>{0d70b029-aa9f-4b90-b0e4-8d15f2dd84e4}</UniqueIdentifier>
    </Filter>
    <Filter Include="include\test_module\stl">
      <UniqueIdentifier>{86d823c9-3d3a-4a18-a780-fe53392eeb01}</UniqueIdentifier>
    </Filter>
    <Filter Include="src\test_module">
      <UniqueIdentifier>{acd607b0-55e9-497f-94da-07703c469752}</UniqueIdentifier>
    </Filter>
    <Filter Include="src\test_module\stl">
      <UniqueIdentifier>{b4f7551c-e03c-47c7-9bc0-52732e6746e7}</UniqueIdentifier>
    </Filter>
    <Filter Include="include\test_module\socket">
      <UniqueIdentifier>{57bdfd31-29c4-4207-ab51-b96031f54777}</UniqueIdentifier>
    </Filter>
    <Filter Include="src\test_module\socket">
      <UniqueIdentifier>{0485595a-c36a-4b0d-a294-8d14c22f2513}</UniqueIdentifier>
    </Filter>
    <Filter Include="include\study01">
      <UniqueIdentifier>{1d52940c-1bbb-44ad-ace0-6d17b4ec3a02}</UniqueIdentifier>
    </Filter>
    <Filter Include="src\study01">
      <UniqueIdentifier>{33d27d3a-2525-484d-9b64-b48296d9f993}</UniqueIdentifier>
    </Filter>
    <Filter Include="include\tools">
      <UniqueIdentifier>{849afcc4-038b-4cd8-bd52-ffb86aeeb6e1}</UniqueIdentifier>
    </Filter>
    <Filter Include="src\tools">
      <UniqueIdentifier>{292bee83-5db5-491b-8fe1-061c0593fb16}</UniqueIdentifier>
    </Filter>
    <Filter Include="include\test">
      <UniqueIdentifier>{7772c520-ffd8-45c2-a86f-40f103097a24}</UniqueIdentifier>
    </Filter>
    <Filter Include="src\test">
      <UniqueIdentifier>{43150aa3-df54-482f-ba5e-7af184791183}</UniqueIdentifier>
    </Filter>
  </ItemGroup>
  <ItemGroup>
    <ClCompile Include="console_test_code.cpp">
      <Filter>src</Filter>
    </ClCompile>
    <ClCompile Include="src\helper\part_helper.cpp">
      <Filter>src\helper</Filter>
    </ClCompile>
    <ClCompile Include="src\part01\part01_class01.cpp">
      <Filter>src\part01</Filter>
    </ClCompile>
    <ClCompile Include="src\part01\part01_class02.cpp">
      <Filter>src\part01</Filter>
    </ClCompile>
    <ClCompile Include="src\test_module\stl\stl01_class01.cpp">
      <Filter>src\test_module\stl</Filter>
    </ClCompile>
    <ClCompile Include="src\part01\part01_class03.cpp">
      <Filter>src\part01</Filter>
    </ClCompile>
    <ClCompile Include="src\test_module\socket\multi_cast.cpp">
      <Filter>src\test_module\socket</Filter>
    </ClCompile>
    <ClCompile Include="src\helper\main_helper.cpp">
      <Filter>src\helper</Filter>
    </ClCompile>
    <ClCompile Include="src\helper\module_helper.cpp">
      <Filter>src\helper</Filter>
    </ClCompile>
    <ClCompile Include="src\part01\part01_class04.cpp">
      <Filter>src\part01</Filter>
    </ClCompile>
    <ClCompile Include="src\study01\study01_class01.cpp">
      <Filter>src\study01</Filter>
    </ClCompile>
    <ClCompile Include="src\helper\study_helper.cpp">
      <Filter>src\helper</Filter>
    </ClCompile>
    <ClCompile Include="src\study01\study01_class02.cpp">
      <Filter>src\study01</Filter>
    </ClCompile>
    <ClCompile Include="src\study01\study01_class03.cpp">
      <Filter>src\study01</Filter>
    </ClCompile>
    <ClCompile Include="src\part01\part01_class05.cpp">
      <Filter>src\part01</Filter>
    </ClCompile>
    <ClCompile Include="src\tools\Rijndael.cpp">
      <Filter>src\tools</Filter>
    </ClCompile>
    <ClCompile Include="src\tools\base64.cpp">
      <Filter>src\tools</Filter>
    </ClCompile>
    <ClCompile Include="src\tools\CStringUtils.cpp">
      <Filter>src\tools</Filter>
    </ClCompile>
    <ClCompile Include="src\part01\part01_class06.cpp">
      <Filter>src\part01</Filter>
    </ClCompile>
    <ClCompile Include="src\test\test-memory.cpp">
      <Filter>src\test</Filter>
    </ClCompile>
  </ItemGroup>
  <ItemGroup>
    <ClInclude Include="include\helper\part_helper.h">
      <Filter>include\helper</Filter>
    </ClInclude>
    <ClInclude Include="include\part01\part01_class01.h">
      <Filter>include\part01</Filter>
    </ClInclude>
    <ClInclude Include="include\part01\part01_class02.h">
      <Filter>include\part01</Filter>
    </ClInclude>
    <ClInclude Include="include\test_module\stl\stl01_class01.h">
      <Filter>include\test_module\stl</Filter>
    </ClInclude>
    <ClInclude Include="include\helper\main_helper.h">
      <Filter>include\helper</Filter>
    </ClInclude>
    <ClInclude Include="include\part01\part01_class03.h">
      <Filter>include\part01</Filter>
    </ClInclude>
    <ClInclude Include="include\test_module\socket\multi_cast.h">
      <Filter>include\test_module\socket</Filter>
    </ClInclude>
    <ClInclude Include="include\helper\module_helper.h">
      <Filter>include\helper</Filter>
    </ClInclude>
    <ClInclude Include="include\part01\part01_class04.h">
      <Filter>include\part01</Filter>
    </ClInclude>
    <ClInclude Include="include\study01\study01_class01.h">
      <Filter>include\study01</Filter>
    </ClInclude>
    <ClInclude Include="include\helper\study_helper.h">
      <Filter>include\helper</Filter>
    </ClInclude>
    <ClInclude Include="include\study01\study01_class02.h">
      <Filter>include\study01</Filter>
    </ClInclude>
    <ClInclude Include="include\study01\study01_class03.h">
      <Filter>include\study01</Filter>
    </ClInclude>
    <ClInclude Include="include\part01\part01_class05.h">
      <Filter>include\part01</Filter>
    </ClInclude>
    <ClInclude Include="include\tools\Rijndael.h">
      <Filter>include\tools</Filter>
    </ClInclude>
    <ClInclude Include="include\tools\base64.h">
      <Filter>include\tools</Filter>
    </ClInclude>
    <ClInclude Include="include\tools\CStringUtils.h">
      <Filter>include\tools</Filter>
    </ClInclude>
    <ClInclude Include="include\part01\part01_class06.h">
      <Filter>include\part01</Filter>
    </ClInclude>
    <ClInclude Include="include\test\test-memory.h">
      <Filter>include\test</Filter>
    </ClInclude>
  </ItemGroup>
</Project>